
Microsoft Visual Studio Solution File, Format Version 12.00
# Visual Studio Version 17
VisualStudioVersion = 17.14.36623.8 d17.14
MinimumVisualStudioVersion = 10.0.40219.1
Project("{FAE04EC0-301F-11D3-BF4B-00C04F79EFBC}") = "OPPConcepts.Backend", "OPPConcepts.Backend\OPPConcepts.Backend.csproj", "{1C840588-7B3E-4B03-85AB-CBC3886D02D5}"
EndProject
Project("{FAE04EC0-301F-11D3-BF4B-00C04F79EFBC}") = "OPPConcepts.Frontend", "OPPConcepts.Frontend\OPPConcepts.Frontend.csproj", "{3B3A2AD1-B9CA-4216-A4E4-FE1B6566CF76}"
EndProject
Global
	GlobalSection(SolutionConfigurationPlatforms) = preSolution
		Debug|Any CPU = Debug|Any CPU
		Release|Any CPU = Release|Any CPU
	EndGlobalSection
	GlobalSection(ProjectConfigurationPlatforms) = postSolution
		{1C840588-7B3E-4B03-85AB-CBC3886D02D5}.Debug|Any CPU.ActiveCfg = Debug|Any CPU
		{1C840588-7B3E-4B03-85AB-CBC3886D02D5}.Debug|Any CPU.Build.0 = Debug|Any CPU
		{1C840588-7B3E-4B03-85AB-CBC3886D02D5}.Release|Any CPU.ActiveCfg = Release|Any CPU
		{1C840588-7B3E-4B03-85AB-CBC3886D02D5}.Release|Any CPU.Build.0 = Release|Any CPU
		{3B3A2AD1-B9CA-4216-A4E4-FE1B6566CF76}.Debug|Any CPU.ActiveCfg = Debug|Any CPU
		{3B3A2AD1-B9CA-4216-A4E4-FE1B6566CF76}.Debug|Any CPU.Build.0 = Debug|Any CPU
		{3B3A2AD1-B9CA-4216-A4E4-FE1B6566CF76}.Release|Any CPU.ActiveCfg = Release|Any CPU
		{3B3A2AD1-B9CA-4216-A4E4-FE1B6566CF76}.Release|Any CPU.Build.0 = Release|Any CPU
	EndGlobalSection
	GlobalSection(SolutionProperties) = preSolution
		HideSolutionNode = FALSE
	EndGlobalSection
	GlobalSection(ExtensibilityGlobals) = postSolution
		SolutionGuid = {4D4C5BC0-F056-4E86-BE4F-91ED3B0BA692}
	EndGlobalSection
EndGlobal
